// !$*UTF8*$!
{
	archiveVersion = 1;
	classes = {
	};
	objectVersion = 55;
	objects = {

/* Begin PBXBuildFile section */
		113B7043274D6EEC0092A076 /* MyKidsApp.swift in Sources */ = {isa = PBXBuildFile; fileRef = 113B7042274D6EEC0092A076 /* MyKidsApp.swift */; };
		113B7045274D6EEC0092A076 /* ContentView.swift in Sources */ = {isa = PBXBuildFile; fileRef = 113B7044274D6EEC0092A076 /* ContentView.swift */; };
		113B7047274D6EED0092A076 /* Assets.xcassets in Resources */ = {isa = PBXBuildFile; fileRef = 113B7046274D6EED0092A076 /* Assets.xcassets */; };
		113B704A274D6EED0092A076 /* Preview Assets.xcassets in Resources */ = {isa = PBXBuildFile; fileRef = 113B7049274D6EED0092A076 /* Preview Assets.xcassets */; };
		113B7051274D7CBD0092A076 /* Styles.swift in Sources */ = {isa = PBXBuildFile; fileRef = 113B7050274D7CBD0092A076 /* Styles.swift */; };
		11AEC8D9274DA78E0032E87E /* ParentKidModel.swift in Sources */ = {isa = PBXBuildFile; fileRef = 11AEC8D8274DA78E0032E87E /* ParentKidModel.swift */; };
		11AEC8DB274DA7B60032E87E /* KidModel.swift in Sources */ = {isa = PBXBuildFile; fileRef = 11AEC8DA274DA7B60032E87E /* KidModel.swift */; };
		11AEC8E0274DB0EF0032E87E /* addKid.swift in Sources */ = {isa = PBXBuildFile; fileRef = 11AEC8DF274DB0EF0032E87E /* addKid.swift */; };
/* End PBXBuildFile section */

/* Begin PBXFileReference section */
		113B703F274D6EEC0092A076 /* MyKids.app */ = {isa = PBXFileReference; explicitFileType = wrapper.application; includeInIndex = 0; path = MyKids.app; sourceTree = BUILT_PRODUCTS_DIR; };
		113B7042274D6EEC0092A076 /* MyKidsApp.swift */ = {isa = PBXFileReference; lastKnownFileType = sourcecode.swift; path = MyKidsApp.swift; sourceTree = "<group>"; };
		113B7044274D6EEC0092A076 /* ContentView.swift */ = {isa = PBXFileReference; lastKnownFileType = sourcecode.swift; path = ContentView.swift; sourceTree = "<group>"; };
		113B7046274D6EED0092A076 /* Assets.xcassets */ = {isa = PBXFileReference; lastKnownFileType = folder.assetcatalog; path = Assets.xcassets; sourceTree = "<group>"; };
		113B7049274D6EED0092A076 /* Preview Assets.xcassets */ = {isa = PBXFileReference; lastKnownFileType = folder.assetcatalog; path = "Preview Assets.xcassets"; sourceTree = "<group>"; };
		113B7050274D7CBD0092A076 /* Styles.swift */ = {isa = PBXFileReference; lastKnownFileType = sourcecode.swift; path = Styles.swift; sourceTree = "<group>"; };
		11AEC8D8274DA78E0032E87E /* ParentKidModel.swift */ = {isa = PBXFileReference; lastKnownFileType = sourcecode.swift; path = ParentKidModel.swift; sourceTree = "<group>"; };
		11AEC8DA274DA7B60032E87E /* KidModel.swift */ = {isa = PBXFileReference; lastKnownFileType = sourcecode.swift; path = KidModel.swift; sourceTree = "<group>"; };
		11AEC8DF274DB0EF0032E87E /* addKid.swift */ = {isa = PBXFileReference; lastKnownFileType = sourcecode.swift; path = addKid.swift; sourceTree = "<group>"; };
/* End PBXFileReference section */

/* Begin PBXFrameworksBuildPhase section */
		113B703C274D6EEC0092A076 /* Frameworks */ = {
			isa = PBXFrameworksBuildPhase;
			buildActionMask = 2147483647;
			files = (
			);
			runOnlyForDeploymentPostprocessing = 0;
		};
/* End PBXFrameworksBuildPhase section */

/* Begin PBXGroup section */
		113B7036274D6EEC0092A076 = {
			isa = PBXGroup;
			children = (
				113B7041274D6EEC0092A076 /* MyKids */,
				113B7040274D6EEC0092A076 /* Products */,
			);
			sourceTree = "<group>";
		};
		113B7040274D6EEC0092A076 /* Products */ = {
			isa = PBXGroup;
			children = (
				113B703F274D6EEC0092A076 /* MyKids.app */,
			);
			name = Products;
			sourceTree = "<group>";
		};
		113B7041274D6EEC0092A076 /* MyKids */ = {
			isa = PBXGroup;
			children = (
				11AEC8DE274DAEF20032E87E /* Models */,
				113B7044274D6EEC0092A076 /* ContentView.swift */,
				11AEC8DF274DB0EF0032E87E /* addKid.swift */,
				113B7050274D7CBD0092A076 /* Styles.swift */,
				113B7042274D6EEC0092A076 /* MyKidsApp.swift */,
				113B7046274D6EED0092A076 /* Assets.xcassets */,
				113B7048274D6EED0092A076 /* Preview Content */,
			);
			path = MyKids;
			sourceTree = "<group>";
		};
		113B7048274D6EED0092A076 /* Preview Content */ = {
			isa = PBXGroup;
			children = (
				113B7049274D6EED0092A076 /* Preview Assets.xcassets */,
			);
			path = "Preview Content";
			sourceTree = "<group>";
		};
		11AEC8DE274DAEF20032E87E /* Models */ = {
			isa = PBXGroup;
			children = (
				11AEC8D8274DA78E0032E87E /* ParentKidModel.swift */,
				11AEC8DA274DA7B60032E87E /* KidModel.swift */,
			);
			path = Models;
			sourceTree = "<group>";
		};
/* End PBXGroup section */

/* Begin PBXNativeTarget section */
		113B703E274D6EEC0092A076 /* MyKids */ = {
			isa = PBXNativeTarget;
			buildConfigurationList = 113B704D274D6EED0092A076 /* Build configuration list for PBXNativeTarget "MyKids" */;
			buildPhases = (
				113B703B274D6EEC0092A076 /* Sources */,
				113B703C274D6EEC0092A076 /* Frameworks */,
				113B703D274D6EEC0092A076 /* Resources */,
			);
			buildRules = (
			);
			dependencies = (
			);
			name = MyKids;
			productName = MyKids;
			productReference = 113B703F274D6EEC0092A076 /* MyKids.app */;
			productType = "com.apple.product-type.application";
		};
/* End PBXNativeTarget section */

/* Begin PBXProject section */
		113B7037274D6EEC0092A076 /* Project object */ = {
			isa = PBXProject;
			attributes = {
				BuildIndependentTargetsInParallel = 1;
				LastSwiftUpdateCheck = 1310;
				LastUpgradeCheck = 1310;
				TargetAttributes = {
					113B703E274D6EEC0092A076 = {
						CreatedOnToolsVersion = 13.1;
					};
				};
			};
			buildConfigurationList = 113B703A274D6EEC0092A076 /* Build configuration list for PBXProject "MyKids" */;
			compatibilityVersion = "Xcode 13.0";
			developmentRegion = en;
			hasScannedForEncodings = 0;
			knownRegions = (
				en,
				Base,
			);
			mainGroup = 113B7036274D6EEC0092A076;
			productRefGroup = 113B7040274D6EEC0092A076 /* Products */;
			projectDirPath = "";
			projectRoot = "";
			targets = (
				113B703E274D6EEC0092A076 /* MyKids */,
			);
		};
/* End PBXProject section */

/* Begin PBXResourcesBuildPhase section */
		113B703D274D6EEC0092A076 /* Resources */ = {
			isa = PBXResourcesBuildPhase;
			buildActionMask = 2147483647;
			files = (
				113B704A274D6EED0092A076 /* Preview Assets.xcassets in Resources */,
				113B7047274D6EED0092A076 /* Assets.xcassets in Resources */,
			);
			runOnlyForDeploymentPostprocessing = 0;
		};
/* End PBXResourcesBuildPhase section */

/* Begin PBXSourcesBuildPhase section */
		113B703B274D6EEC0092A076 /* Sources */ = {
			isa = PBXSourcesBuildPhase;
			buildActionMask = 2147483647;
			files = (
				113B7051274D7CBD0092A076 /* Styles.swift in Sources */,
				11AEC8DB274DA7B60032E87E /* KidModel.swift in Sources */,
				113B7045274D6EEC0092A076 /* ContentView.swift in Sources */,
				11AEC8D9274DA78E0032E87E /* ParentKidModel.swift in Sources */,
				11AEC8E0274DB0EF0032E87E /* addKid.swift in Sources */,
				113B7043274D6EEC0092A076 /* MyKidsApp.swift in Sources */,
			);
			runOnlyForDeploymentPostprocessing = 0;
		};
/* End PBXSourcesBuildPhase section */

/* Begin XCBuildConfiguration section */
		113B704B274D6EED0092A076 /* Debug */ = {
			isa = XCBuildConfiguration;
			buildSettings = {
				ALWAYS_SEARCH_USER_PATHS = NO;
				CLANG_ANALYZER_NONNULL = YES;
				CLANG_ANALYZER_NUMBER_OBJECT_CONVERSION = YES_AGGRESSIVE;
				CLANG_CXX_LANGUAGE_STANDARD = "gnu++17";
				CLANG_CXX_LIBRARY = "libc++";
				CLANG_ENABLE_MODULES = YES;
				CLANG_ENABLE_OBJC_ARC = YES;
				CLANG_ENABLE_OBJC_WEAK = YES;
				CLANG_WARN_BLOCK_CAPTURE_AUTORELEASING = YES;
				CLANG_WARN_BOOL_CONVERSION = YES;
				CLANG_WARN_COMMA = YES;
				CLANG_WARN_CONSTANT_CONVERSION = YES;
				CLANG_WARN_DEPRECATED_OBJC_IMPLEMENTATIONS = YES;
				CLANG_WARN_DIRECT_OBJC_ISA_USAGE = YES_ERROR;
				CLANG_WARN_DOCUMENTATION_COMMENTS = YES;
				CLANG_WARN_EMPTY_BODY = YES;
				CLANG_WARN_ENUM_CONVERSION = YES;
				CLANG_WARN_INFINITE_RECURSION = YES;
				CLANG_WARN_INT_CONVERSION = YES;
				CLANG_WARN_NON_LITERAL_NULL_CONVERSION = YES;
				CLANG_WARN_OBJC_IMPLICIT_RETAIN_SELF = YES;
				CLANG_WARN_OBJC_LITERAL_CONVERSION = YES;
				CLANG_WARN_OBJC_ROOT_CLASS = YES_ERROR;
				CLANG_WARN_QUOTED_INCLUDE_IN_FRAMEWORK_HEADER = YES;
				CLANG_WARN_RANGE_LOOP_ANALYSIS = YES;
				CLANG_WARN_STRICT_PROTOTYPES = YES;
				CLANG_WARN_SUSPICIOUS_MOVE = YES;
				CLANG_WARN_UNGUARDED_AVAILABILITY = YES_AGGRESSIVE;
				CLANG_WARN_UNREACHABLE_CODE = YES;
				CLANG_WARN__DUPLICATE_METHOD_MATCH = YES;
				COPY_PHASE_STRIP = NO;
				DEBUG_INFORMATION_FORMAT = dwarf;
				ENABLE_STRICT_OBJC_MSGSEND = YES;
				ENABLE_TESTABILITY = YES;
				GCC_C_LANGUAGE_STANDARD = gnu11;
				GCC_DYNAMIC_NO_PIC = NO;
				GCC_NO_COMMON_BLOCKS = YES;
				GCC_OPTIMIZATION_LEVEL = 0;
				GCC_PREPROCESSOR_DEFINITIONS = (
					"DEBUG=1",
					"$(inherited)",
				);
				GCC_WARN_64_TO_32_BIT_CONVERSION = YES;
				GCC_WARN_ABOUT_RETURN_TYPE = YES_ERROR;
				GCC_WARN_UNDECLARED_SELECTOR = YES;
				GCC_WARN_UNINITIALIZED_AUTOS = YES_AGGRESSIVE;
				GCC_WARN_UNUSED_FUNCTION = YES;
				GCC_WARN_UNUSED_VARIABLE = YES;
				IPHONEOS_DEPLOYMENT_TARGET = 15.0;
				MTL_ENABLE_DEBUG_INFO = INCLUDE_SOURCE;
				MTL_FAST_MATH = YES;
				ONLY_ACTIVE_ARCH = YES;
				SDKROOT = iphoneos;
				SWIFT_ACTIVE_COMPILATION_CONDITIONS = DEBUG;
				SWIFT_OPTIMIZATION_LEVEL = "-Onone";
			};
			name = Debug;
		};
		113B704C274D6EED0092A076 /* Release */ = {
			isa = XCBuildConfiguration;
			buildSettings = {
				ALWAYS_SEARCH_USER_PATHS = NO;
				CLANG_ANALYZER_NONNULL = YES;
				CLANG_ANALYZER_NUMBER_OBJECT_CONVERSION = YES_AGGRESSIVE;
				CLANG_CXX_LANGUAGE_STANDARD = "gnu++17";
				CLANG_CXX_LIBRARY = "libc++";
				CLANG_ENABLE_MODULES = YES;
				CLANG_ENABLE_OBJC_ARC = YES;
				CLANG_ENABLE_OBJC_WEAK = YES;
				CLANG_WARN_BLOCK_CAPTURE_AUTORELEASING = YES;
				CLANG_WARN_BOOL_CONVERSION = YES;
				CLANG_WARN_COMMA = YES;
				CLANG_WARN_CONSTANT_CONVERSION = YES;
				CLANG_WARN_DEPRECATED_OBJC_IMPLEMENTATIONS = YES;
				CLANG_WARN_DIRECT_OBJC_ISA_USAGE = YES_ERROR;
				CLANG_WARN_DOCUMENTATION_COMMENTS = YES;
				CLANG_WARN_EMPTY_BODY = YES;
				CLANG_WARN_ENUM_CONVERSION = YES;
				CLANG_WARN_INFINITE_RECURSION = YES;
				CLANG_WARN_INT_CONVERSION = YES;
				CLANG_WARN_NON_LITERAL_NULL_CONVERSION = YES;
				CLANG_WARN_OBJC_IMPLICIT_RETAIN_SELF = YES;
				CLANG_WARN_OBJC_LITERAL_CONVERSION = YES;
				CLANG_WARN_OBJC_ROOT_CLASS = YES_ERROR;
				CLANG_WARN_QUOTED_INCLUDE_IN_FRAMEWORK_HEADER = YES;
				CLANG_WARN_RANGE_LOOP_ANALYSIS = YES;
				CLANG_WARN_STRICT_PROTOTYPES = YES;
				CLANG_WARN_SUSPICIOUS_MOVE = YES;
				CLANG_WARN_UNGUARDED_AVAILABILITY = YES_AGGRESSIVE;
				CLANG_WARN_UNREACHABLE_CODE = YES;
				CLANG_WARN__DUPLICATE_METHOD_MATCH = YES;
				COPY_PHASE_STRIP = NO;
				DEBUG_INFORMATION_FORMAT = "dwarf-with-dsym";
				ENABLE_NS_ASSERTIONS = NO;
				ENABLE_STRICT_OBJC_MSGSEND = YES;
				GCC_C_LANGUAGE_STANDARD = gnu11;
				GCC_NO_COMMON_BLOCKS = YES;
				GCC_WARN_64_TO_32_BIT_CONVERSION = YES;
				GCC_WARN_ABOUT_RETURN_TYPE = YES_ERROR;
				GCC_WARN_UNDECLARED_SELECTOR = YES;
				GCC_WARN_UNINITIALIZED_AUTOS = YES_AGGRESSIVE;
				GCC_WARN_UNUSED_FUNCTION = YES;
				GCC_WARN_UNUSED_VARIABLE = YES;
				IPHONEOS_DEPLOYMENT_TARGET = 15.0;
				MTL_ENABLE_DEBUG_INFO = NO;
				MTL_FAST_MATH = YES;
				SDKROOT = iphoneos;
				SWIFT_COMPILATION_MODE = wholemodule;
				SWIFT_OPTIMIZATION_LEVEL = "-O";
				VALIDATE_PRODUCT = YES;
			};
			name = Release;
		};
		113B704E274D6EED0092A076 /* Debug */ = {
			isa = XCBuildConfiguration;
			buildSettings = {
				ASSETCATALOG_COMPILER_APPICON_NAME = AppIcon;
				ASSETCATALOG_COMPILER_GLOBAL_ACCENT_COLOR_NAME = AccentColor;
				CODE_SIGN_STYLE = Automatic;
				CURRENT_PROJECT_VERSION = 1;
				DEVELOPMENT_ASSET_PATHS = "\"MyKids/Preview Content\"";
				DEVELOPMENT_TEAM = 9238HC6B5T;
				ENABLE_PREVIEWS = YES;
				GENERATE_INFOPLIST_FILE = YES;
				INFOPLIST_KEY_UIApplicationSceneManifest_Generation = YES;
				INFOPLIST_KEY_UIApplicationSupportsIndirectInputEvents = YES;
				INFOPLIST_KEY_UILaunchScreen_Generation = YES;
				INFOPLIST_KEY_UISupportedInterfaceOrientations_iPad = "UIInterfaceOrientationPortrait UIInterfaceOrientationPortraitUpsideDown UIInterfaceOrientationLandscapeLeft UIInterfaceOrientationLandscapeRight";
				INFOPLIST_KEY_UISupportedInterfaceOrientations_iPhone = "UIInterfaceOrientationPortrait UIInterfaceOrientationLandscapeLeft UIInterfaceOrientationLandscapeRight";
				LD_RUNPATH_SEARCH_PATHS = (
					"$(inherited)",
					"@executable_path/Frameworks",
				);
				MARKETING_VERSION = 1.0;
				PRODUCT_BUNDLE_IDENTIFIER = NikitaTatarnikov.MyKids;
				PRODUCT_NAME = "$(TARGET_NAME)";
				SWIFT_EMIT_LOC_STRINGS = YES;
				SWIFT_VERSION = 5.0;
				TARGETED_DEVICE_FAMILY = "1,2";
			};
			name = Debug;
		};
		113B704F274D6EED0092A076 /* Release */ = {
			isa = XCBuildConfiguration;
			buildSettings = {
				ASSETCATALOG_COMPILER_APPICON_NAME = AppIcon;
				ASSETCATALOG_COMPILER_GLOBAL_ACCENT_COLOR_NAME = AccentColor;
				CODE_SIGN_STYLE = Automatic;
				CURRENT_PROJECT_VERSION = 1;
				DEVELOPMENT_ASSET_PATHS = "\"MyKids/Preview Content\"";
				DEVELOPMENT_TEAM = 9238HC6B5T;
				ENABLE_PREVIEWS = YES;
				GENERATE_INFOPLIST_FILE = YES;
				INFOPLIST_KEY_UIApplicationSceneManifest_Generation = YES;
				INFOPLIST_KEY_UIApplicationSupportsIndirectInputEvents = YES;
				INFOPLIST_KEY_UILaunchScreen_Generation = YES;
				INFOPLIST_KEY_UISupportedInterfaceOrientations_iPad = "UIInterfaceOrientationPortrait UIInterfaceOrientationPortraitUpsideDown UIInterfaceOrientationLandscapeLeft UIInterfaceOrientationLandscapeRight";
				INFOPLIST_KEY_UISupportedInterfaceOrientations_iPhone = "UIInterfaceOrientationPortrait UIInterfaceOrientationLandscapeLeft UIInterfaceOrientationLandscapeRight";
				LD_RUNPATH_SEARCH_PATHS = (
					"$(inherited)",
					"@executable_path/Frameworks",
				);
				MARKETING_VERSION = 1.0;
				PRODUCT_BUNDLE_IDENTIFIER = NikitaTatarnikov.MyKids;
				PRODUCT_NAME = "$(TARGET_NAME)";
				SWIFT_EMIT_LOC_STRINGS = YES;
				SWIFT_VERSION = 5.0;
				TARGETED_DEVICE_FAMILY = "1,2";
			};
			name = Release;
		};
/* End XCBuildConfiguration section */

/* Begin XCConfigurationList section */
		113B703A274D6EEC0092A076 /* Build configuration list for PBXProject "MyKids" */ = {
			isa = XCConfigurationList;
			buildConfigurations = (
				113B704B274D6EED0092A076 /* Debug */,
				113B704C274D6EED0092A076 /* Release */,
			);
			defaultConfigurationIsVisible = 0;
			defaultConfigurationName = Release;
		};
		113B704D274D6EED0092A076 /* Build configuration list for PBXNativeTarget "MyKids" */ = {
			isa = XCConfigurationList;
			buildConfigurations = (
				113B704E274D6EED0092A076 /* Debug */,
				113B704F274D6EED0092A076 /* Release */,
			);
			defaultConfigurationIsVisible = 0;
			defaultConfigurationName = Release;
		};
/* End XCConfigurationList section */
	};
	rootObject = 113B7037274D6EEC0092A076 /* Project object */;
}
